{
  "name": "mllp-server",
  "version": "1.0.0",
  "lockfileVersion": 3,
  "requires": true,
  "packages": {
    "": {
      "name": "mllp-server",
      "version": "1.0.0",
      "license": "ISC",
      "dependencies": {
        "dotenv": "^17.2.3",
        "mllp-node-sl7": "^2.1.6"
      }
    },
    "node_modules/@sourceblock-ug/sb-sl7": {
      "version": "2.0.18",
      "resolved": "https://registry.npmjs.org/@sourceblock-ug/sb-sl7/-/sb-sl7-2.0.18.tgz",
      "integrity": "sha512-wS07gFaf2VgKSO+WzXUeIdFaROXIoi9hWUQGoFPbKxCvEv6TyorDZuMvSitGMwYkDIGun/fCxdufh7/PEv/6wA==",
      "dependencies": {
        "iconv-lite": "^0.6.3"
      }
    },
    "node_modules/dotenv": {
      "version": "17.2.3",
      "resolved": "https://registry.npmjs.org/dotenv/-/dotenv-17.2.3.tgz",
      "integrity": "sha512-JVUnt+DUIzu87TABbhPmNfVdBDt18BLOWjMUFJMSi/Qqg7NTYtabbvSNJGOJ7afbRuv9D/lngizHtP7QyLQ+9w==",
      "engines": {
        "node": ">=12"
      },
      "funding": {
        "url": "https://dotenvx.com"
      }
    },
    "node_modules/iconv-lite": {
      "version": "0.6.3",
      "resolved": "https://registry.npmjs.org/iconv-lite/-/iconv-lite-0.6.3.tgz",
      "integrity": "sha512-4fCk79wshMdzMp2rH06qWrJE4iolqLhCUH+OiuIgU++RB0+94NlDL81atO7GX55uUKueo0txHNtvEyI6D7WdMw==",
      "dependencies": {
        "safer-buffer": ">= 2.1.2 < 3.0.0"
      },
      "engines": {
        "node": ">=0.10.0"
      }
    },
    "node_modules/mllp-node-sl7": {
      "version": "2.1.6",
      "resolved": "https://registry.npmjs.org/mllp-node-sl7/-/mllp-node-sl7-2.1.6.tgz",
      "integrity": "sha512-PSMOEJtA82Gvt8sKnopSIs6pDp1NW4Gppbc7AIfi+S+xKHoHNJLFBFnKm3YJ9t92kA90buTwLONYChxrv749OA==",
      "dependencies": {
        "@sourceblock-ug/sb-sl7": "^2.0.17",
        "iconv-lite": "^0.6.0"
      },
      "engines": {
        "node": ">=8.x.x"
      }
    },
    "node_modules/safer-buffer": {
      "version": "2.1.2",
      "resolved": "https://registry.npmjs.org/safer-buffer/-/safer-buffer-2.1.2.tgz",
      "integrity": "sha512-YZo3K82SD7Riyi0E1EQPojLz7kpepnSQI9IyPbHHg1XXXevb5dJI7tpyN2ADxGcQbHG7vcyRHk0cbwqcQriUtg=="
    }
  }
}
